
Microsoft Visual Studio Solution File, Format Version 12.00
# Visual Studio Version 16
VisualStudioVersion = 16.0.30804.86
MinimumVisualStudioVersion = 10.0.40219.1
Project("{9A19103F-16F7-4668-BE54-9A1E7A4F7556}") = "Api", "Api\Api.csproj", "{00624144-46BA-4FAC-8EC4-2F1428BC9420}"
EndProject
Project("{9A19103F-16F7-4668-BE54-9A1E7A4F7556}") = "RandomNumberApi", "RandomNumberApi\RandomNumberApi.csproj", "{BECA80B5-3F28-498A-AC61-56F810E69237}"
EndProject
Project("{9A19103F-16F7-4668-BE54-9A1E7A4F7556}") = "TestUtility", "TestHelper\TestUtility.csproj", "{9ACB1884-F6A9-4C7D-BC77-ADA55F73D4D9}"
EndProject
Global
	GlobalSection(SolutionConfigurationPlatforms) = preSolution
		Debug|Any CPU = Debug|Any CPU
		Release|Any CPU = Release|Any CPU
	EndGlobalSection
	GlobalSection(ProjectConfigurationPlatforms) = postSolution
		{00624144-46BA-4FAC-8EC4-2F1428BC9420}.Debug|Any CPU.ActiveCfg = Debug|Any CPU
		{00624144-46BA-4FAC-8EC4-2F1428BC9420}.Debug|Any CPU.Build.0 = Debug|Any CPU
		{00624144-46BA-4FAC-8EC4-2F1428BC9420}.Release|Any CPU.ActiveCfg = Release|Any CPU
		{00624144-46BA-4FAC-8EC4-2F1428BC9420}.Release|Any CPU.Build.0 = Release|Any CPU
		{BECA80B5-3F28-498A-AC61-56F810E69237}.Debug|Any CPU.ActiveCfg = Debug|Any CPU
		{BECA80B5-3F28-498A-AC61-56F810E69237}.Debug|Any CPU.Build.0 = Debug|Any CPU
		{BECA80B5-3F28-498A-AC61-56F810E69237}.Release|Any CPU.ActiveCfg = Release|Any CPU
		{BECA80B5-3F28-498A-AC61-56F810E69237}.Release|Any CPU.Build.0 = Release|Any CPU
		{9ACB1884-F6A9-4C7D-BC77-ADA55F73D4D9}.Debug|Any CPU.ActiveCfg = Debug|Any CPU
		{9ACB1884-F6A9-4C7D-BC77-ADA55F73D4D9}.Debug|Any CPU.Build.0 = Debug|Any CPU
		{9ACB1884-F6A9-4C7D-BC77-ADA55F73D4D9}.Release|Any CPU.ActiveCfg = Release|Any CPU
		{9ACB1884-F6A9-4C7D-BC77-ADA55F73D4D9}.Release|Any CPU.Build.0 = Release|Any CPU
	EndGlobalSection
	GlobalSection(SolutionProperties) = preSolution
		HideSolutionNode = FALSE
	EndGlobalSection
	GlobalSection(ExtensibilityGlobals) = postSolution
		SolutionGuid = {41859107-CBA4-4F1A-BAD4-2024B5A815E1}
	EndGlobalSection
EndGlobal
